
Microsoft Visual Studio Solution File, Format Version 12.00
# Visual Studio 2013
VisualStudioVersion = 12.0.21005.1
MinimumVisualStudioVersion = 10.0.40219.1
Project("{FAE04EC0-301F-11D3-BF4B-00C04F79EFBC}") = "2001206911_NguyenQuangVinh", "2001206911_NguyenQuangVinh\2001206911_NguyenQuangVinh.csproj", "{9F1BD8C6-95D2-4057-9722-074725695379}"
EndProject
Project("{FAE04EC0-301F-11D3-BF4B-00C04F79EFBC}") = "2001206911_NguyenQuangVinh_Buoi2", "2001206911_NguyenQuangVinh_Buoi2\2001206911_NguyenQuangVinh_Buoi2.csproj", "{A6420E79-E83F-46F2-A499-532D07BCF70E}"
EndProject
Project("{FAE04EC0-301F-11D3-BF4B-00C04F79EFBC}") = "LBCustom", "LBCustom\LBCustom.csproj", "{396E143C-6311-4128-96BC-040C5DD3C172}"
EndProject
Project("{FAE04EC0-301F-11D3-BF4B-00C04F79EFBC}") = "ThuVien", "ThuVien\ThuVien.csproj", "{B34BF413-9AE3-409E-B0B8-AD63CACB434B}"
EndProject
Project("{FAE04EC0-301F-11D3-BF4B-00C04F79EFBC}") = "2001206911_NguyenQuangVinh_Buoi3", "2001206911_NguyenQuangVinh_Buoi3\2001206911_NguyenQuangVinh_Buoi3.csproj", "{655962B7-8B0C-4E51-BC73-CC6E1918AFA6}"
EndProject
Project("{FAE04EC0-301F-11D3-BF4B-00C04F79EFBC}") = "LBWinForm", "LBWinForm\LBWinForm.csproj", "{054A8172-A687-4A5D-9A70-95207A35269C}"
EndProject
Project("{FAE04EC0-301F-11D3-BF4B-00C04F79EFBC}") = "ThuVien1", "ThuVien1\ThuVien1.csproj", "{24CDC733-BB09-442E-BD72-E93969A42024}"
EndProject
Project("{FAE04EC0-301F-11D3-BF4B-00C04F79EFBC}") = "2001206911_NguyenQuangVinh_Buoi4", "2001206911_NguyenQuangVinh_Buoi4\2001206911_NguyenQuangVinh_Buoi4.csproj", "{959F7C48-71FA-4541-AC42-FE74B695F8ED}"
EndProject
Global
	GlobalSection(SolutionConfigurationPlatforms) = preSolution
		Debug|Any CPU = Debug|Any CPU
		Release|Any CPU = Release|Any CPU
	EndGlobalSection
	GlobalSection(ProjectConfigurationPlatforms) = postSolution
		{9F1BD8C6-95D2-4057-9722-074725695379}.Debug|Any CPU.ActiveCfg = Debug|Any CPU
		{9F1BD8C6-95D2-4057-9722-074725695379}.Debug|Any CPU.Build.0 = Debug|Any CPU
		{9F1BD8C6-95D2-4057-9722-074725695379}.Release|Any CPU.ActiveCfg = Release|Any CPU
		{9F1BD8C6-95D2-4057-9722-074725695379}.Release|Any CPU.Build.0 = Release|Any CPU
		{A6420E79-E83F-46F2-A499-532D07BCF70E}.Debug|Any CPU.ActiveCfg = Debug|Any CPU
		{A6420E79-E83F-46F2-A499-532D07BCF70E}.Debug|Any CPU.Build.0 = Debug|Any CPU
		{A6420E79-E83F-46F2-A499-532D07BCF70E}.Release|Any CPU.ActiveCfg = Release|Any CPU
		{A6420E79-E83F-46F2-A499-532D07BCF70E}.Release|Any CPU.Build.0 = Release|Any CPU
		{396E143C-6311-4128-96BC-040C5DD3C172}.Debug|Any CPU.ActiveCfg = Debug|Any CPU
		{396E143C-6311-4128-96BC-040C5DD3C172}.Debug|Any CPU.Build.0 = Debug|Any CPU
		{396E143C-6311-4128-96BC-040C5DD3C172}.Release|Any CPU.ActiveCfg = Release|Any CPU
		{396E143C-6311-4128-96BC-040C5DD3C172}.Release|Any CPU.Build.0 = Release|Any CPU
		{B34BF413-9AE3-409E-B0B8-AD63CACB434B}.Debug|Any CPU.ActiveCfg = Debug|Any CPU
		{B34BF413-9AE3-409E-B0B8-AD63CACB434B}.Debug|Any CPU.Build.0 = Debug|Any CPU
		{B34BF413-9AE3-409E-B0B8-AD63CACB434B}.Release|Any CPU.ActiveCfg = Release|Any CPU
		{B34BF413-9AE3-409E-B0B8-AD63CACB434B}.Release|Any CPU.Build.0 = Release|Any CPU
		{655962B7-8B0C-4E51-BC73-CC6E1918AFA6}.Debug|Any CPU.ActiveCfg = Debug|Any CPU
		{655962B7-8B0C-4E51-BC73-CC6E1918AFA6}.Debug|Any CPU.Build.0 = Debug|Any CPU
		{655962B7-8B0C-4E51-BC73-CC6E1918AFA6}.Release|Any CPU.ActiveCfg = Release|Any CPU
		{655962B7-8B0C-4E51-BC73-CC6E1918AFA6}.Release|Any CPU.Build.0 = Release|Any CPU
		{054A8172-A687-4A5D-9A70-95207A35269C}.Debug|Any CPU.ActiveCfg = Debug|Any CPU
		{054A8172-A687-4A5D-9A70-95207A35269C}.Debug|Any CPU.Build.0 = Debug|Any CPU
		{054A8172-A687-4A5D-9A70-95207A35269C}.Release|Any CPU.ActiveCfg = Release|Any CPU
		{054A8172-A687-4A5D-9A70-95207A35269C}.Release|Any CPU.Build.0 = Release|Any CPU
		{24CDC733-BB09-442E-BD72-E93969A42024}.Debug|Any CPU.ActiveCfg = Debug|Any CPU
		{24CDC733-BB09-442E-BD72-E93969A42024}.Debug|Any CPU.Build.0 = Debug|Any CPU
		{24CDC733-BB09-442E-BD72-E93969A42024}.Release|Any CPU.ActiveCfg = Release|Any CPU
		{24CDC733-BB09-442E-BD72-E93969A42024}.Release|Any CPU.Build.0 = Release|Any CPU
		{959F7C48-71FA-4541-AC42-FE74B695F8ED}.Debug|Any CPU.ActiveCfg = Debug|Any CPU
		{959F7C48-71FA-4541-AC42-FE74B695F8ED}.Debug|Any CPU.Build.0 = Debug|Any CPU
		{959F7C48-71FA-4541-AC42-FE74B695F8ED}.Release|Any CPU.ActiveCfg = Release|Any CPU
		{959F7C48-71FA-4541-AC42-FE74B695F8ED}.Release|Any CPU.Build.0 = Release|Any CPU
	EndGlobalSection
	GlobalSection(SolutionProperties) = preSolution
		HideSolutionNode = FALSE
	EndGlobalSection
EndGlobal
